{
  "name": "KC TEST",
  "lockfileVersion": 2,
  "requires": true,
  "packages": {
    "": {
      "devDependencies": {
        "kingschat-web-sdk": "^0.1.0"
      }
    },
    "node_modules/kingschat-web-sdk": {
      "version": "0.1.0",
      "resolved": "https://registry.npmjs.org/kingschat-web-sdk/-/kingschat-web-sdk-0.1.0.tgz",
      "integrity": "sha512-+4+uQw2IZdDCiIoqMBQ/LwgqiBhn6dY6bCmHO5ZlT4wA/y2udKMQCo4ha/84Et3Dz3d9T6ScSYIfccvqpFQR4g==",
      "dev": true
    }
  },
  "dependencies": {
    "kingschat-web-sdk": {
      "version": "0.1.0",
      "resolved": "https://registry.npmjs.org/kingschat-web-sdk/-/kingschat-web-sdk-0.1.0.tgz",
      "integrity": "sha512-+4+uQw2IZdDCiIoqMBQ/LwgqiBhn6dY6bCmHO5ZlT4wA/y2udKMQCo4ha/84Et3Dz3d9T6ScSYIfccvqpFQR4g==",
      "dev": true
    }
  }
}
